
Microsoft Visual Studio Solution File, Format Version 12.00
# Visual Studio Version 17
VisualStudioVersion = 17.5.002.0
MinimumVisualStudioVersion = 10.0.40219.1
Project("{9A19103F-16F7-4668-BE54-9A1E7A4F7556}") = "rekürsif_ve_extension_metotlar", "rekürsif_ve_extension_metotlar.csproj", "{517F81CD-6F74-46F4-BB1F-3294E7AE5247}"
EndProject
Global
	GlobalSection(SolutionConfigurationPlatforms) = preSolution
		Debug|Any CPU = Debug|Any CPU
		Release|Any CPU = Release|Any CPU
	EndGlobalSection
	GlobalSection(ProjectConfigurationPlatforms) = postSolution
		{517F81CD-6F74-46F4-BB1F-3294E7AE5247}.Debug|Any CPU.ActiveCfg = Debug|Any CPU
		{517F81CD-6F74-46F4-BB1F-3294E7AE5247}.Debug|Any CPU.Build.0 = Debug|Any CPU
		{517F81CD-6F74-46F4-BB1F-3294E7AE5247}.Release|Any CPU.ActiveCfg = Release|Any CPU
		{517F81CD-6F74-46F4-BB1F-3294E7AE5247}.Release|Any CPU.Build.0 = Release|Any CPU
	EndGlobalSection
	GlobalSection(SolutionProperties) = preSolution
		HideSolutionNode = FALSE
	EndGlobalSection
	GlobalSection(ExtensibilityGlobals) = postSolution
		SolutionGuid = {BD2F3B45-9AFA-4056-A69D-1B587A77B090}
	EndGlobalSection
EndGlobal
